PODS:
  - Alamofire (5.4.1)
  - BulletinBoard (5.0.0)
  - ImageSlideshow (1.9.1):
    - ImageSlideshow/Core (= 1.9.1)
  - ImageSlideshow/Core (1.9.1)
  - IQKeyboardManagerSwift (6.5.6)
  - Kingfisher (5.15.2):
    - Kingfisher/Core (= 5.15.2)
  - Kingfisher/Core (5.15.2)

DEPENDENCIES:
  - Alamofire (~> 5.2)
  - BulletinBoard
  - ImageSlideshow (~> 1.9.0)
  - IQKeyboardManagerSwift
  - Kingfisher (~> 5.0)

SPEC REPOS:
  trunk:
    - Alamofire
    - BulletinBoard
    - ImageSlideshow
    - IQKeyboardManagerSwift
    - Kingfisher

SPEC CHECKSUMS:
  Alamofire: 2291f7d21ca607c491dd17642e5d40fdcda0e65c
  BulletinBoard: dba77053c2a7b64953f63073f7534165af2edd21
  ImageSlideshow: 67184be896a28472bd3b906c33ce4e0734aa3d22
  IQKeyboardManagerSwift: c7df9d2deb356c04522f5c4b7b6e4ce4d8ed94fe
  Kingfisher: 1f60394409c6b916ce31474bcf73fdde6f3b9a7b

PODFILE CHECKSUM: 16a7051adcae5e225a4827c599f3dc08b43615e6

COCOAPODS: 1.10.0
